
Microsoft Visual Studio Solution File, Format Version 12.00
# Visual Studio Version 17
VisualStudioVersion = 17.6.33815.320
MinimumVisualStudioVersion = 10.0.40219.1
Project("{9A19103F-16F7-4668-BE54-9A1E7A4F7556}") = "UserManager", "UserManager\UserManager.csproj", "{89CDA8BD-0821-46C3-AD82-0B0EF8A5D2E4}"
EndProject
Project("{9A19103F-16F7-4668-BE54-9A1E7A4F7556}") = "UserManager.Models", "UserManager.Models\UserManager.Models.csproj", "{41B9D6CC-A023-42BF-91AF-A0AF87E5A6C3}"
EndProject
Project("{9A19103F-16F7-4668-BE54-9A1E7A4F7556}") = "UserManager.DbLib", "UserManager.DbLib\UserManager.DbLib.csproj", "{855931CA-0D16-4074-8037-93A6D8A313CF}"
EndProject
Global
	GlobalSection(SolutionConfigurationPlatforms) = preSolution
		Debug|Any CPU = Debug|Any CPU
		Release|Any CPU = Release|Any CPU
	EndGlobalSection
	GlobalSection(ProjectConfigurationPlatforms) = postSolution
		{89CDA8BD-0821-46C3-AD82-0B0EF8A5D2E4}.Debug|Any CPU.ActiveCfg = Debug|Any CPU
		{89CDA8BD-0821-46C3-AD82-0B0EF8A5D2E4}.Debug|Any CPU.Build.0 = Debug|Any CPU
		{89CDA8BD-0821-46C3-AD82-0B0EF8A5D2E4}.Release|Any CPU.ActiveCfg = Release|Any CPU
		{89CDA8BD-0821-46C3-AD82-0B0EF8A5D2E4}.Release|Any CPU.Build.0 = Release|Any CPU
		{41B9D6CC-A023-42BF-91AF-A0AF87E5A6C3}.Debug|Any CPU.ActiveCfg = Debug|Any CPU
		{41B9D6CC-A023-42BF-91AF-A0AF87E5A6C3}.Debug|Any CPU.Build.0 = Debug|Any CPU
		{41B9D6CC-A023-42BF-91AF-A0AF87E5A6C3}.Release|Any CPU.ActiveCfg = Release|Any CPU
		{41B9D6CC-A023-42BF-91AF-A0AF87E5A6C3}.Release|Any CPU.Build.0 = Release|Any CPU
		{855931CA-0D16-4074-8037-93A6D8A313CF}.Debug|Any CPU.ActiveCfg = Debug|Any CPU
		{855931CA-0D16-4074-8037-93A6D8A313CF}.Debug|Any CPU.Build.0 = Debug|Any CPU
		{855931CA-0D16-4074-8037-93A6D8A313CF}.Release|Any CPU.ActiveCfg = Release|Any CPU
		{855931CA-0D16-4074-8037-93A6D8A313CF}.Release|Any CPU.Build.0 = Release|Any CPU
	EndGlobalSection
	GlobalSection(SolutionProperties) = preSolution
		HideSolutionNode = FALSE
	EndGlobalSection
	GlobalSection(ExtensibilityGlobals) = postSolution
		SolutionGuid = {6B9647CD-A965-4723-85A0-7C5B45EF3A6C}
	EndGlobalSection
EndGlobal
